
Microsoft Visual Studio Solution File, Format Version 12.00
# Visual Studio Version 16
VisualStudioVersion = 16.0.31005.135
MinimumVisualStudioVersion = 10.0.40219.1
Project("{FAE04EC0-301F-11D3-BF4B-00C04F79EFBC}") = "Show-Map-Location", "Show-Map-Location.csproj", "{7A4E8263-39F2-426C-8B74-F0382AB38FD5}"
EndProject
Global
	GlobalSection(SolutionConfigurationPlatforms) = preSolution
		Debug|Any CPU = Debug|Any CPU
		Release|Any CPU = Release|Any CPU
	EndGlobalSection
	GlobalSection(ProjectConfigurationPlatforms) = postSolution
		{7A4E8263-39F2-426C-8B74-F0382AB38FD5}.Debug|Any CPU.ActiveCfg = Debug|Any CPU
		{7A4E8263-39F2-426C-8B74-F0382AB38FD5}.Debug|Any CPU.Build.0 = Debug|Any CPU
		{7A4E8263-39F2-426C-8B74-F0382AB38FD5}.Release|Any CPU.ActiveCfg = Release|Any CPU
		{7A4E8263-39F2-426C-8B74-F0382AB38FD5}.Release|Any CPU.Build.0 = Release|Any CPU
	EndGlobalSection
	GlobalSection(SolutionProperties) = preSolution
		HideSolutionNode = FALSE
	EndGlobalSection
	GlobalSection(ExtensibilityGlobals) = postSolution
		SolutionGuid = {57B10118-48F2-4B7A-A983-76E945C7FAD6}
	EndGlobalSection
EndGlobal
